{
  "object": {
    "pins": [
      {
        "package": "CommonParsers",
        "repositoryURL": "https://github.com/ilyapuchka/common-parsers.git",
        "state": {
          "branch": "master",
          "revision": "2386ef5d444746ad77a70296d878683ae0f9c9a2",
          "version": null
        }
      },
      {
        "package": "Prelude",
        "repositoryURL": "https://github.com/pointfreeco/swift-prelude.git",
        "state": {
          "branch": null,
          "revision": "9240a1f951c382e1c7387762c6cd94042baba531",
          "version": null
        }
      }
    ]
  },
  "version": 1
}
